// !$*UTF8*$!
{
	archiveVersion = 1;
	classes = {
	};
	objectVersion = 50;
	objects = {

/* Begin PBXBuildFile section */
		CDAF8F70233EF60A00D2E25F /* AppDelegate.swift in Sources */ = {isa = PBXBuildFile; fileRef = CDAF8F6F233EF60A00D2E25F /* AppDelegate.swift */; };
		CDAF8F72233EF60A00D2E25F /* ViewController.swift in Sources */ = {isa = PBXBuildFile; fileRef = CDAF8F71233EF60A00D2E25F /* ViewController.swift */; };
		CDAF8F75233EF60A00D2E25F /* Main.storyboard in Resources */ = {isa = PBXBuildFile; fileRef = CDAF8F73233EF60A00D2E25F /* Main.storyboard */; };
		CDAF8F77233EF60B00D2E25F /* Assets.xcassets in Resources */ = {isa = PBXBuildFile; fileRef = CDAF8F76233EF60B00D2E25F /* Assets.xcassets */; };
		CDAF8F7A233EF60B00D2E25F /* LaunchScreen.storyboard in Resources */ = {isa = PBXBuildFile; fileRef = CDAF8F78233EF60B00D2E25F /* LaunchScreen.storyboard */; };
		CDAF8F85233EF60B00D2E25F /* tippyTests.swift in Sources */ = {isa = PBXBuildFile; fileRef = CDAF8F84233EF60B00D2E25F /* tippyTests.swift */; };
		CDAF8F90233EF60B00D2E25F /* tippyUITests.swift in Sources */ = {isa = PBXBuildFile; fileRef = CDAF8F8F233EF60B00D2E25F /* tippyUITests.swift */; };
/* End PBXBuildFile section */

/* Begin PBXContainerItemProxy section */
		CDAF8F81233EF60B00D2E25F /* PBXContainerItemProxy */ = {
			isa = PBXContainerItemProxy;
			containerPortal = CDAF8F64233EF60A00D2E25F /* Project object */;
			proxyType = 1;
			remoteGlobalIDString = CDAF8F6B233EF60A00D2E25F;
			remoteInfo = tippy;
		};
		CDAF8F8C233EF60B00D2E25F /* PBXContainerItemProxy */ = {
			isa = PBXContainerItemProxy;
			containerPortal = CDAF8F64233EF60A00D2E25F /* Project object */;
			proxyType = 1;
			remoteGlobalIDString = CDAF8F6B233EF60A00D2E25F;
			remoteInfo = tippy;
		};
/* End PBXContainerItemProxy section */

/* Begin PBXFileReference section */
		CDAF8F6C233EF60A00D2E25F /* tippy.app */ = {isa = PBXFileReference; explicitFileType = wrapper.application; includeInIndex = 0; path = tippy.app; sourceTree = BUILT_PRODUCTS_DIR; };
		CDAF8F6F233EF60A00D2E25F /* AppDelegate.swift */ = {isa = PBXFileReference; lastKnownFileType = sourcecode.swift; path = AppDelegate.swift; sourceTree = "<group>"; };
		CDAF8F71233EF60A00D2E25F /* ViewController.swift */ = {isa = PBXFileReference; lastKnownFileType = sourcecode.swift; path = ViewController.swift; sourceTree = "<group>"; };
		CDAF8F74233EF60A00D2E25F /* Base */ = {isa = PBXFileReference; lastKnownFileType = file.storyboard; name = Base; path = Base.lproj/Main.storyboard; sourceTree = "<group>"; };
		CDAF8F76233EF60B00D2E25F /* Assets.xcassets */ = {isa = PBXFileReference; lastKnownFileType = folder.assetcatalog; path = Assets.xcassets; sourceTree = "<group>"; };
		CDAF8F79233EF60B00D2E25F /* Base */ = {isa = PBXFileReference; lastKnownFileType = file.storyboard; name = Base; path = Base.lproj/LaunchScreen.storyboard; sourceTree = "<group>"; };
		CDAF8F7B233EF60B00D2E25F /* Info.plist */ = {isa = PBXFileReference; lastKnownFileType = text.plist.xml; path = Info.plist; sourceTree = "<group>"; };
		CDAF8F80233EF60B00D2E25F /* tippyTests.xctest */ = {isa = PBXFileReference; explicitFileType = wrapper.cfbundle; includeInIndex = 0; path = tippyTests.xctest; sourceTree = BUILT_PRODUCTS_DIR; };
		CDAF8F84233EF60B00D2E25F /* tippyTests.swift */ = {isa = PBXFileReference; lastKnownFileType = sourcecode.swift; path = tippyTests.swift; sourceTree = "<group>"; };
		CDAF8F86233EF60B00D2E25F /* Info.plist */ = {isa = PBXFileReference; lastKnownFileType = text.plist.xml; path = Info.plist; sourceTree = "<group>"; };
		CDAF8F8B233EF60B00D2E25F /* tippyUITests.xctest */ = {isa = PBXFileReference; explicitFileType = wrapper.cfbundle; includeInIndex = 0; path = tippyUITests.xctest; sourceTree = BUILT_PRODUCTS_DIR; };
		CDAF8F8F233EF60B00D2E25F /* tippyUITests.swift */ = {isa = PBXFileReference; lastKnownFileType = sourcecode.swift; path = tippyUITests.swift; sourceTree = "<group>"; };
		CDAF8F91233EF60B00D2E25F /* Info.plist */ = {isa = PBXFileReference; lastKnownFileType = text.plist.xml; path = Info.plist; sourceTree = "<group>"; };
/* End PBXFileReference section */

/* Begin PBXFrameworksBuildPhase section */
		CDAF8F69233EF60A00D2E25F /* Frameworks */ = {
			isa = PBXFrameworksBuildPhase;
			buildActionMask = 2147483647;
			files = (
			);
			runOnlyForDeploymentPostprocessing = 0;
		};
		CDAF8F7D233EF60B00D2E25F /* Frameworks */ = {
			isa = PBXFrameworksBuildPhase;
			buildActionMask = 2147483647;
			files = (
			);
			runOnlyForDeploymentPostprocessing = 0;
		};
		CDAF8F88233EF60B00D2E25F /* Frameworks */ = {
			isa = PBXFrameworksBuildPhase;
			buildActionMask = 2147483647;
			files = (
			);
			runOnlyForDeploymentPostprocessing = 0;
		};
/* End PBXFrameworksBuildPhase section */

/* Begin PBXGroup section */
		CDAF8F63233EF60A00D2E25F = {
			isa = PBXGroup;
			children = (
				CDAF8F6E233EF60A00D2E25F /* tippy */,
				CDAF8F83233EF60B00D2E25F /* tippyTests */,
				CDAF8F8E233EF60B00D2E25F /* tippyUITests */,
				CDAF8F6D233EF60A00D2E25F /* Products */,
			);
			sourceTree = "<group>";
		};
		CDAF8F6D233EF60A00D2E25F /* Products */ = {
			isa = PBXGroup;
			children = (
				CDAF8F6C233EF60A00D2E25F /* tippy.app */,
				CDAF8F80233EF60B00D2E25F /* tippyTests.xctest */,
				CDAF8F8B233EF60B00D2E25F /* tippyUITests.xctest */,
			);
			name = Products;
			sourceTree = "<group>";
		};
		CDAF8F6E233EF60A00D2E25F /* tippy */ = {
			isa = PBXGroup;
			children = (
				CDAF8F6F233EF60A00D2E25F /* AppDelegate.swift */,
				CDAF8F71233EF60A00D2E25F /* ViewController.swift */,
				CDAF8F73233EF60A00D2E25F /* Main.storyboard */,
				CDAF8F76233EF60B00D2E25F /* Assets.xcassets */,
				CDAF8F78233EF60B00D2E25F /* LaunchScreen.storyboard */,
				CDAF8F7B233EF60B00D2E25F /* Info.plist */,
			);
			path = tippy;
			sourceTree = "<group>";
		};
		CDAF8F83233EF60B00D2E25F /* tippyTests */ = {
			isa = PBXGroup;
			children = (
				CDAF8F84233EF60B00D2E25F /* tippyTests.swift */,
				CDAF8F86233EF60B00D2E25F /* Info.plist */,
			);
			path = tippyTests;
			sourceTree = "<group>";
		};
		CDAF8F8E233EF60B00D2E25F /* tippyUITests */ = {
			isa = PBXGroup;
			children = (
				CDAF8F8F233EF60B00D2E25F /* tippyUITests.swift */,
				CDAF8F91233EF60B00D2E25F /* Info.plist */,
			);
			path = tippyUITests;
			sourceTree = "<group>";
		};
/* End PBXGroup section */

/* Begin PBXNativeTarget section */
		CDAF8F6B233EF60A00D2E25F /* tippy */ = {
			isa = PBXNativeTarget;
			buildConfigurationList = CDAF8F94233EF60B00D2E25F /* Build configuration list for PBXNativeTarget "tippy" */;
			buildPhases = (
				CDAF8F68233EF60A00D2E25F /* Sources */,
				CDAF8F69233EF60A00D2E25F /* Frameworks */,
				CDAF8F6A233EF60A00D2E25F /* Resources */,
			);
			buildRules = (
			);
			dependencies = (
			);
			name = tippy;
			productName = tippy;
			productReference = CDAF8F6C233EF60A00D2E25F /* tippy.app */;
			productType = "com.apple.product-type.application";
		};
		CDAF8F7F233EF60B00D2E25F /* tippyTests */ = {
			isa = PBXNativeTarget;
			buildConfigurationList = CDAF8F97233EF60B00D2E25F /* Build configuration list for PBXNativeTarget "tippyTests" */;
			buildPhases = (
				CDAF8F7C233EF60B00D2E25F /* Sources */,
				CDAF8F7D233EF60B00D2E25F /* Frameworks */,
				CDAF8F7E233EF60B00D2E25F /* Resources */,
			);
			buildRules = (
			);
			dependencies = (
				CDAF8F82233EF60B00D2E25F /* PBXTargetDependency */,
			);
			name = tippyTests;
			productName = tippyTests;
			productReference = CDAF8F80233EF60B00D2E25F /* tippyTests.xctest */;
			productType = "com.apple.product-type.bundle.unit-test";
		};
		CDAF8F8A233EF60B00D2E25F /* tippyUITests */ = {
			isa = PBXNativeTarget;
			buildConfigurationList = CDAF8F9A233EF60B00D2E25F /* Build configuration list for PBXNativeTarget "tippyUITests" */;
			buildPhases = (
				CDAF8F87233EF60B00D2E25F /* Sources */,
				CDAF8F88233EF60B00D2E25F /* Frameworks */,
				CDAF8F89233EF60B00D2E25F /* Resources */,
			);
			buildRules = (
			);
			dependencies = (
				CDAF8F8D233EF60B00D2E25F /* PBXTargetDependency */,
			);
			name = tippyUITests;
			productName = tippyUITests;
			productReference = CDAF8F8B233EF60B00D2E25F /* tippyUITests.xctest */;
			productType = "com.apple.product-type.bundle.ui-testing";
		};
/* End PBXNativeTarget section */

/* Begin PBXProject section */
		CDAF8F64233EF60A00D2E25F /* Project object */ = {
			isa = PBXProject;
			attributes = {
				LastSwiftUpdateCheck = 1030;
				LastUpgradeCheck = 1030;
				ORGANIZATIONNAME = codepath;
				TargetAttributes = {
					CDAF8F6B233EF60A00D2E25F = {
						CreatedOnToolsVersion = 10.3;
					};
					CDAF8F7F233EF60B00D2E25F = {
						CreatedOnToolsVersion = 10.3;
						TestTargetID = CDAF8F6B233EF60A00D2E25F;
					};
					CDAF8F8A233EF60B00D2E25F = {
						CreatedOnToolsVersion = 10.3;
						TestTargetID = CDAF8F6B233EF60A00D2E25F;
					};
				};
			};
			buildConfigurationList = CDAF8F67233EF60A00D2E25F /* Build configuration list for PBXProject "tippy" */;
			compatibilityVersion = "Xcode 9.3";
			developmentRegion = en;
			hasScannedForEncodings = 0;
			knownRegions = (
				en,
				Base,
			);
			mainGroup = CDAF8F63233EF60A00D2E25F;
			productRefGroup = CDAF8F6D233EF60A00D2E25F /* Products */;
			projectDirPath = "";
			projectRoot = "";
			targets = (
				CDAF8F6B233EF60A00D2E25F /* tippy */,
				CDAF8F7F233EF60B00D2E25F /* tippyTests */,
				CDAF8F8A233EF60B00D2E25F /* tippyUITests */,
			);
		};
/* End PBXProject section */

/* Begin PBXResourcesBuildPhase section */
		CDAF8F6A233EF60A00D2E25F /* Resources */ = {
			isa = PBXResourcesBuildPhase;
			buildActionMask = 2147483647;
			files = (
				CDAF8F7A233EF60B00D2E25F /* LaunchScreen.storyboard in Resources */,
				CDAF8F77233EF60B00D2E25F /* Assets.xcassets in Resources */,
				CDAF8F75233EF60A00D2E25F /* Main.storyboard in Resources */,
			);
			runOnlyForDeploymentPostprocessing = 0;
		};
		CDAF8F7E233EF60B00D2E25F /* Resources */ = {
			isa = PBXResourcesBuildPhase;
			buildActionMask = 2147483647;
			files = (
			);
			runOnlyForDeploymentPostprocessing = 0;
		};
		CDAF8F89233EF60B00D2E25F /* Resources */ = {
			isa = PBXResourcesBuildPhase;
			buildActionMask = 2147483647;
			files = (
			);
			runOnlyForDeploymentPostprocessing = 0;
		};
/* End PBXResourcesBuildPhase section */

/* Begin PBXSourcesBuildPhase section */
		CDAF8F68233EF60A00D2E25F /* Sources */ = {
			isa = PBXSourcesBuildPhase;
			buildActionMask = 2147483647;
			files = (
				CDAF8F72233EF60A00D2E25F /* ViewController.swift in Sources */,
				CDAF8F70233EF60A00D2E25F /* AppDelegate.swift in Sources */,
			);
			runOnlyForDeploymentPostprocessing = 0;
		};
		CDAF8F7C233EF60B00D2E25F /* Sources */ = {
			isa = PBXSourcesBuildPhase;
			buildActionMask = 2147483647;
			files = (
				CDAF8F85233EF60B00D2E25F /* tippyTests.swift in Sources */,
			);
			runOnlyForDeploymentPostprocessing = 0;
		};
		CDAF8F87233EF60B00D2E25F /* Sources */ = {
			isa = PBXSourcesBuildPhase;
			buildActionMask = 2147483647;
			files = (
				CDAF8F90233EF60B00D2E25F /* tippyUITests.swift in Sources */,
			);
			runOnlyForDeploymentPostprocessing = 0;
		};
/* End PBXSourcesBuildPhase section */

/* Begin PBXTargetDependency section */
		CDAF8F82233EF60B00D2E25F /* PBXTargetDependency */ = {
			isa = PBXTargetDependency;
			target = CDAF8F6B233EF60A00D2E25F /* tippy */;
			targetProxy = CDAF8F81233EF60B00D2E25F /* PBXContainerItemProxy */;
		};
		CDAF8F8D233EF60B00D2E25F /* PBXTargetDependency */ = {
			isa = PBXTargetDependency;
			target = CDAF8F6B233EF60A00D2E25F /* tippy */;
			targetProxy = CDAF8F8C233EF60B00D2E25F /* PBXContainerItemProxy */;
		};
/* End PBXTargetDependency section */

/* Begin PBXVariantGroup section */
		CDAF8F73233EF60A00D2E25F /* Main.storyboard */ = {
			isa = PBXVariantGroup;
			children = (
				CDAF8F74233EF60A00D2E25F /* Base */,
			);
			name = Main.storyboard;
			sourceTree = "<group>";
		};
		CDAF8F78233EF60B00D2E25F /* LaunchScreen.storyboard */ = {
			isa = PBXVariantGroup;
			children = (
				CDAF8F79233EF60B00D2E25F /* Base */,
			);
			name = LaunchScreen.storyboard;
			sourceTree = "<group>";
		};
/* End PBXVariantGroup section */

/* Begin XCBuildConfiguration section */
		CDAF8F92233EF60B00D2E25F /* Debug */ = {
			isa = XCBuildConfiguration;
			buildSettings = {
				ALWAYS_SEARCH_USER_PATHS = NO;
				CLANG_ANALYZER_NONNULL = YES;
				CLANG_ANALYZER_NUMBER_OBJECT_CONVERSION = YES_AGGRESSIVE;
				CLANG_CXX_LANGUAGE_STANDARD = "gnu++14";
				CLANG_CXX_LIBRARY = "libc++";
				CLANG_ENABLE_MODULES = YES;
				CLANG_ENABLE_OBJC_ARC = YES;
				CLANG_ENABLE_OBJC_WEAK = YES;
				CLANG_WARN_BLOCK_CAPTURE_AUTORELEASING = YES;
				CLANG_WARN_BOOL_CONVERSION = YES;
				CLANG_WARN_COMMA = YES;
				CLANG_WARN_CONSTANT_CONVERSION = YES;
				CLANG_WARN_DEPRECATED_OBJC_IMPLEMENTATIONS = YES;
				CLANG_WARN_DIRECT_OBJC_ISA_USAGE = YES_ERROR;
				CLANG_WARN_DOCUMENTATION_COMMENTS = YES;
				CLANG_WARN_EMPTY_BODY = YES;
				CLANG_WARN_ENUM_CONVERSION = YES;
				CLANG_WARN_INFINITE_RECURSION = YES;
				CLANG_WARN_INT_CONVERSION = YES;
				CLANG_WARN_NON_LITERAL_NULL_CONVERSION = YES;
				CLANG_WARN_OBJC_IMPLICIT_RETAIN_SELF = YES;
				CLANG_WARN_OBJC_LITERAL_CONVERSION = YES;
				CLANG_WARN_OBJC_ROOT_CLASS = YES_ERROR;
				CLANG_WARN_RANGE_LOOP_ANALYSIS = YES;
				CLANG_WARN_STRICT_PROTOTYPES = YES;
				CLANG_WARN_SUSPICIOUS_MOVE = YES;
				CLANG_WARN_UNGUARDED_AVAILABILITY = YES_AGGRESSIVE;
				CLANG_WARN_UNREACHABLE_CODE = YES;
				CLANG_WARN__DUPLICATE_METHOD_MATCH = YES;
				CODE_SIGN_IDENTITY = "iPhone Developer";
				COPY_PHASE_STRIP = NO;
				DEBUG_INFORMATION_FORMAT = dwarf;
				ENABLE_STRICT_OBJC_MSGSEND = YES;
				ENABLE_TESTABILITY = YES;
				GCC_C_LANGUAGE_STANDARD = gnu11;
				GCC_DYNAMIC_NO_PIC = NO;
				GCC_NO_COMMON_BLOCKS = YES;
				GCC_OPTIMIZATION_LEVEL = 0;
				GCC_PREPROCESSOR_DEFINITIONS = (
					"DEBUG=1",
					"$(inherited)",
				);
				GCC_WARN_64_TO_32_BIT_CONVERSION = YES;
				GCC_WARN_ABOUT_RETURN_TYPE = YES_ERROR;
				GCC_WARN_UNDECLARED_SELECTOR = YES;
				GCC_WARN_UNINITIALIZED_AUTOS = YES_AGGRESSIVE;
				GCC_WARN_UNUSED_FUNCTION = YES;
				GCC_WARN_UNUSED_VARIABLE = YES;
				IPHONEOS_DEPLOYMENT_TARGET = 12.4;
				MTL_ENABLE_DEBUG_INFO = INCLUDE_SOURCE;
				MTL_FAST_MATH = YES;
				ONLY_ACTIVE_ARCH = YES;
				SDKROOT = iphoneos;
				SWIFT_ACTIVE_COMPILATION_CONDITIONS = DEBUG;
				SWIFT_OPTIMIZATION_LEVEL = "-Onone";
			};
			name = Debug;
		};
		CDAF8F93233EF60B00D2E25F /* Release */ = {
			isa = XCBuildConfiguration;
			buildSettings = {
				ALWAYS_SEARCH_USER_PATHS = NO;
				CLANG_ANALYZER_NONNULL = YES;
				CLANG_ANALYZER_NUMBER_OBJECT_CONVERSION = YES_AGGRESSIVE;
				CLANG_CXX_LANGUAGE_STANDARD = "gnu++14";
				CLANG_CXX_LIBRARY = "libc++";
				CLANG_ENABLE_MODULES = YES;
				CLANG_ENABLE_OBJC_ARC = YES;
				CLANG_ENABLE_OBJC_WEAK = YES;
				CLANG_WARN_BLOCK_CAPTURE_AUTORELEASING = YES;
				CLANG_WARN_BOOL_CONVERSION = YES;
				CLANG_WARN_COMMA = YES;
				CLANG_WARN_CONSTANT_CONVERSION = YES;
				CLANG_WARN_DEPRECATED_OBJC_IMPLEMENTATIONS = YES;
				CLANG_WARN_DIRECT_OBJC_ISA_USAGE = YES_ERROR;
				CLANG_WARN_DOCUMENTATION_COMMENTS = YES;
				CLANG_WARN_EMPTY_BODY = YES;
				CLANG_WARN_ENUM_CONVERSION = YES;
				CLANG_WARN_INFINITE_RECURSION = YES;
				CLANG_WARN_INT_CONVERSION = YES;
				CLANG_WARN_NON_LITERAL_NULL_CONVERSION = YES;
				CLANG_WARN_OBJC_IMPLICIT_RETAIN_SELF = YES;
				CLANG_WARN_OBJC_LITERAL_CONVERSION = YES;
				CLANG_WARN_OBJC_ROOT_CLASS = YES_ERROR;
				CLANG_WARN_RANGE_LOOP_ANALYSIS = YES;
				CLANG_WARN_STRICT_PROTOTYPES = YES;
				CLANG_WARN_SUSPICIOUS_MOVE = YES;
				CLANG_WARN_UNGUARDED_AVAILABILITY = YES_AGGRESSIVE;
				CLANG_WARN_UNREACHABLE_CODE = YES;
				CLANG_WARN__DUPLICATE_METHOD_MATCH = YES;
				CODE_SIGN_IDENTITY = "iPhone Developer";
				COPY_PHASE_STRIP = NO;
				DEBUG_INFORMATION_FORMAT = "dwarf-with-dsym";
				ENABLE_NS_ASSERTIONS = NO;
				ENABLE_STRICT_OBJC_MSGSEND = YES;
				GCC_C_LANGUAGE_STANDARD = gnu11;
				GCC_NO_COMMON_BLOCKS = YES;
				GCC_WARN_64_TO_32_BIT_CONVERSION = YES;
				GCC_WARN_ABOUT_RETURN_TYPE = YES_ERROR;
				GCC_WARN_UNDECLARED_SELECTOR = YES;
				GCC_WARN_UNINITIALIZED_AUTOS = YES_AGGRESSIVE;
				GCC_WARN_UNUSED_FUNCTION = YES;
				GCC_WARN_UNUSED_VARIABLE = YES;
				IPHONEOS_DEPLOYMENT_TARGET = 12.4;
				MTL_ENABLE_DEBUG_INFO = NO;
				MTL_FAST_MATH = YES;
				SDKROOT = iphoneos;
				SWIFT_COMPILATION_MODE = wholemodule;
				SWIFT_OPTIMIZATION_LEVEL = "-O";
				VALIDATE_PRODUCT = YES;
			};
			name = Release;
		};
		CDAF8F95233EF60B00D2E25F /* Debug */ = {
			isa = XCBuildConfiguration;
			buildSettings = {
				ASSETCATALOG_COMPILER_APPICON_NAME = AppIcon;
				CODE_SIGN_STYLE = Automatic;
				INFOPLIST_FILE = tippy/Info.plist;
				LD_RUNPATH_SEARCH_PATHS = (
					"$(inherited)",
					"@executable_path/Frameworks",
				);
				PRODUCT_BUNDLE_IDENTIFIER = com.codepath.tippy;
				PRODUCT_NAME = "$(TARGET_NAME)";
				SWIFT_VERSION = 5.0;
				TARGETED_DEVICE_FAMILY = "1,2";
			};
			name = Debug;
		};
		CDAF8F96233EF60B00D2E25F /* Release */ = {
			isa = XCBuildConfiguration;
			buildSettings = {
				ASSETCATALOG_COMPILER_APPICON_NAME = AppIcon;
				CODE_SIGN_STYLE = Automatic;
				INFOPLIST_FILE = tippy/Info.plist;
				LD_RUNPATH_SEARCH_PATHS = (
					"$(inherited)",
					"@executable_path/Frameworks",
				);
				PRODUCT_BUNDLE_IDENTIFIER = com.codepath.tippy;
				PRODUCT_NAME = "$(TARGET_NAME)";
				SWIFT_VERSION = 5.0;
				TARGETED_DEVICE_FAMILY = "1,2";
			};
			name = Release;
		};
		CDAF8F98233EF60B00D2E25F /* Debug */ = {
			isa = XCBuildConfiguration;
			buildSettings = {
				ALWAYS_EMBED_SWIFT_STANDARD_LIBRARIES = YES;
				BUNDLE_LOADER = "$(TEST_HOST)";
				CODE_SIGN_STYLE = Automatic;
				INFOPLIST_FILE = tippyTests/Info.plist;
				LD_RUNPATH_SEARCH_PATHS = (
					"$(inherited)",
					"@executable_path/Frameworks",
					"@loader_path/Frameworks",
				);
				PRODUCT_BUNDLE_IDENTIFIER = com.codepath.tippyTests;
				PRODUCT_NAME = "$(TARGET_NAME)";
				SWIFT_VERSION = 5.0;
				TARGETED_DEVICE_FAMILY = "1,2";
				TEST_HOST = "$(BUILT_PRODUCTS_DIR)/tippy.app/tippy";
			};
			name = Debug;
		};
		CDAF8F99233EF60B00D2E25F /* Release */ = {
			isa = XCBuildConfiguration;
			buildSettings = {
				ALWAYS_EMBED_SWIFT_STANDARD_LIBRARIES = YES;
				BUNDLE_LOADER = "$(TEST_HOST)";
				CODE_SIGN_STYLE = Automatic;
				INFOPLIST_FILE = tippyTests/Info.plist;
				LD_RUNPATH_SEARCH_PATHS = (
					"$(inherited)",
					"@executable_path/Frameworks",
					"@loader_path/Frameworks",
				);
				PRODUCT_BUNDLE_IDENTIFIER = com.codepath.tippyTests;
				PRODUCT_NAME = "$(TARGET_NAME)";
				SWIFT_VERSION = 5.0;
				TARGETED_DEVICE_FAMILY = "1,2";
				TEST_HOST = "$(BUILT_PRODUCTS_DIR)/tippy.app/tippy";
			};
			name = Release;
		};
		CDAF8F9B233EF60B00D2E25F /* Debug */ = {
			isa = XCBuildConfiguration;
			buildSettings = {
				ALWAYS_EMBED_SWIFT_STANDARD_LIBRARIES = YES;
				CODE_SIGN_STYLE = Automatic;
				INFOPLIST_FILE = tippyUITests/Info.plist;
				LD_RUNPATH_SEARCH_PATHS = (
					"$(inherited)",
					"@executable_path/Frameworks",
					"@loader_path/Frameworks",
				);
				PRODUCT_BUNDLE_IDENTIFIER = com.codepath.tippyUITests;
				PRODUCT_NAME = "$(TARGET_NAME)";
				SWIFT_VERSION = 5.0;
				TARGETED_DEVICE_FAMILY = "1,2";
				TEST_TARGET_NAME = tippy;
			};
			name = Debug;
		};
		CDAF8F9C233EF60B00D2E25F /* Release */ = {
			isa = XCBuildConfiguration;
			buildSettings = {
				ALWAYS_EMBED_SWIFT_STANDARD_LIBRARIES = YES;
				CODE_SIGN_STYLE = Automatic;
				INFOPLIST_FILE = tippyUITests/Info.plist;
				LD_RUNPATH_SEARCH_PATHS = (
					"$(inherited)",
					"@executable_path/Frameworks",
					"@loader_path/Frameworks",
				);
				PRODUCT_BUNDLE_IDENTIFIER = com.codepath.tippyUITests;
				PRODUCT_NAME = "$(TARGET_NAME)";
				SWIFT_VERSION = 5.0;
				TARGETED_DEVICE_FAMILY = "1,2";
				TEST_TARGET_NAME = tippy;
			};
			name = Release;
		};
/* End XCBuildConfiguration section */

/* Begin XCConfigurationList section */
		CDAF8F67233EF60A00D2E25F /* Build configuration list for PBXProject "tippy" */ = {
			isa = XCConfigurationList;
			buildConfigurations = (
				CDAF8F92233EF60B00D2E25F /* Debug */,
				CDAF8F93233EF60B00D2E25F /* Release */,
			);
			defaultConfigurationIsVisible = 0;
			defaultConfigurationName = Release;
		};
		CDAF8F94233EF60B00D2E25F /* Build configuration list for PBXNativeTarget "tippy" */ = {
			isa = XCConfigurationList;
			buildConfigurations = (
				CDAF8F95233EF60B00D2E25F /* Debug */,
				CDAF8F96233EF60B00D2E25F /* Release */,
			);
			defaultConfigurationIsVisible = 0;
			defaultConfigurationName = Release;
		};
		CDAF8F97233EF60B00D2E25F /* Build configuration list for PBXNativeTarget "tippyTests" */ = {
			isa = XCConfigurationList;
			buildConfigurations = (
				CDAF8F98233EF60B00D2E25F /* Debug */,
				CDAF8F99233EF60B00D2E25F /* Release */,
			);
			defaultConfigurationIsVisible = 0;
			defaultConfigurationName = Release;
		};
		CDAF8F9A233EF60B00D2E25F /* Build configuration list for PBXNativeTarget "tippyUITests" */ = {
			isa = XCConfigurationList;
			buildConfigurations = (
				CDAF8F9B233EF60B00D2E25F /* Debug */,
				CDAF8F9C233EF60B00D2E25F /* Release */,
			);
			defaultConfigurationIsVisible = 0;
			defaultConfigurationName = Release;
		};
/* End XCConfigurationList section */
	};
	rootObject = CDAF8F64233EF60A00D2E25F /* Project object */;
}
